
Microsoft Visual Studio Solution File, Format Version 12.00
# Visual Studio Version 17
VisualStudioVersion = 17.6.33815.320
MinimumVisualStudioVersion = 10.0.40219.1
Project("{9A19103F-16F7-4668-BE54-9A1E7A4F7556}") = "Calculator", "Calculator\Calculator.csproj", "{0029FD3A-75C5-4383-BCCE-0FF58E602155}"
EndProject
Project("{FAE04EC0-301F-11D3-BF4B-00C04F79EFBC}") = "CalculatorLibrary", "CalculatorLibrary\CalculatorLibrary.csproj", "{35668CB4-6E51-410F-B9EC-CBAFD3A0C66D}"
EndProject
Global
	GlobalSection(SolutionConfigurationPlatforms) = preSolution
		Debug|Any CPU = Debug|Any CPU
		Release|Any CPU = Release|Any CPU
	EndGlobalSection
	GlobalSection(ProjectConfigurationPlatforms) = postSolution
		{0029FD3A-75C5-4383-BCCE-0FF58E602155}.Debug|Any CPU.ActiveCfg = Debug|Any CPU
		{0029FD3A-75C5-4383-BCCE-0FF58E602155}.Debug|Any CPU.Build.0 = Debug|Any CPU
		{0029FD3A-75C5-4383-BCCE-0FF58E602155}.Release|Any CPU.ActiveCfg = Release|Any CPU
		{0029FD3A-75C5-4383-BCCE-0FF58E602155}.Release|Any CPU.Build.0 = Release|Any CPU
		{35668CB4-6E51-410F-B9EC-CBAFD3A0C66D}.Debug|Any CPU.ActiveCfg = Debug|Any CPU
		{35668CB4-6E51-410F-B9EC-CBAFD3A0C66D}.Debug|Any CPU.Build.0 = Debug|Any CPU
		{35668CB4-6E51-410F-B9EC-CBAFD3A0C66D}.Release|Any CPU.ActiveCfg = Release|Any CPU
		{35668CB4-6E51-410F-B9EC-CBAFD3A0C66D}.Release|Any CPU.Build.0 = Release|Any CPU
	EndGlobalSection
	GlobalSection(SolutionProperties) = preSolution
		HideSolutionNode = FALSE
	EndGlobalSection
	GlobalSection(ExtensibilityGlobals) = postSolution
		SolutionGuid = {F65F3334-BA86-471A-A297-40909A748F84}
	EndGlobalSection
EndGlobal
